
Microsoft Visual Studio Solution File, Format Version 12.00
# Visual Studio Version 16
VisualStudioVersion = 16.0.29230.47
MinimumVisualStudioVersion = 10.0.40219.1
Project("{FAE04EC0-301F-11D3-BF4B-00C04F79EFBC}") = "socgen_pricer", "socgen_pricer\socgen_pricer.csproj", "{4E653767-6B8F-4BB0-B60A-9D32186028A6}"
EndProject
Global
	GlobalSection(SolutionConfigurationPlatforms) = preSolution
		Debug|Any CPU = Debug|Any CPU
		Release|Any CPU = Release|Any CPU
	EndGlobalSection
	GlobalSection(ProjectConfigurationPlatforms) = postSolution
		{4E653767-6B8F-4BB0-B60A-9D32186028A6}.Debug|Any CPU.ActiveCfg = Debug|Any CPU
		{4E653767-6B8F-4BB0-B60A-9D32186028A6}.Debug|Any CPU.Build.0 = Debug|Any CPU
		{4E653767-6B8F-4BB0-B60A-9D32186028A6}.Release|Any CPU.ActiveCfg = Release|Any CPU
		{4E653767-6B8F-4BB0-B60A-9D32186028A6}.Release|Any CPU.Build.0 = Release|Any CPU
	EndGlobalSection
	GlobalSection(SolutionProperties) = preSolution
		HideSolutionNode = FALSE
	EndGlobalSection
	GlobalSection(ExtensibilityGlobals) = postSolution
		SolutionGuid = {B7E1C30F-0B88-4310-A2D7-28050EFBDCF0}
	EndGlobalSection
EndGlobal
